<?xml version="1.0" encoding="utf-8"?>
<Project ToolsVersion="4.0" xmlns="http://schemas.microsoft.com/developer/msbuild/2003">
  <ItemGroup>
    <Filter Include="Source Files">
      <UniqueIdentifier>{b0854af5-45b4-4729-93a1-0a9cc3f38f4b}</UniqueIdentifier>
      <Extensions>cpp;c;cxx;rc;def;r;odl;idl;hpj;bat</Extensions>
    </Filter>
    <Filter Include="Header Files">
      <UniqueIdentifier>{b8316219-bc7b-4b36-be0e-326f46e4aac7}</UniqueIdentifier>
      <Extensions>h;hpp;hxx;hm;inl</Extensions>
    </Filter>
    <Filter Include="Resource Files">
      <UniqueIdentifier>{3380b57c-bec0-43e2-829f-053c7520305d}</UniqueIdentifier>
      <Extensions>ico;cur;bmp;dlg;rc2;rct;bin;rgs;gif;jpg;jpeg;jpe</Extensions>
    </Filter>
  </ItemGroup>
  <ItemGroup>
    <ClCompile Include="..\adbaseobj.CPP">
      <Filter>Source Files</Filter>
    </ClCompile>
    <ClCompile Include="..\adfactory.CPP">
      <Filter>Source Files</Filter>
    </ClCompile>
    <ClCompile Include="..\..\Common\AOBJBASE.CPP">
      <Filter>Source Files</Filter>
    </ClCompile>
    <ClCompile Include="..\emsadboard.CPP">
      <Filter>Source Files</Filter>
    </ClCompile>
    <ClCompile Include="..\..\Common\EMSCLOCK.CPP">
      <Filter>Source Files</Filter>
    </ClCompile>
    <ClCompile Include="..\..\Common\EMSCMREG.CPP">
      <Filter>Source Files</Filter>
    </ClCompile>
    <ClCompile Include="..\..\Common\EMSCONFG.CPP">
      <Filter>Source Files</Filter>
    </ClCompile>
    <ClCompile Include="EMSGSDataBufMgr.cpp">
      <Filter>Source Files</Filter>
    </ClCompile>
    <ClCompile Include="EMSGSDataCollection.cpp">
      <Filter>Source Files</Filter>
    </ClCompile>
    <ClCompile Include="..\..\Common\EMSMUTEX.CPP">
      <Filter>Source Files</Filter>
    </ClCompile>
    <ClCompile Include="..\..\Common\EMSRGKEY.CPP">
      <Filter>Source Files</Filter>
    </ClCompile>
    <ClCompile Include="..\..\Common\emsthread.cpp">
      <Filter>Source Files</Filter>
    </ClCompile>
    <ClCompile Include="..\..\Common\EMSTIME.CPP">
      <Filter>Source Files</Filter>
    </ClCompile>
    <ClCompile Include="gsobj.cpp">
      <Filter>Source Files</Filter>
    </ClCompile>
    <ClCompile Include="GSRawBuffer.cpp">
      <Filter>Source Files</Filter>
    </ClCompile>
    <ClCompile Include="Tools.cpp">
      <Filter>Source Files</Filter>
    </ClCompile>
  </ItemGroup>
  <ItemGroup>
    <ResourceCompile Include="adsg.rc">
      <Filter>Source Files</Filter>
    </ResourceCompile>
  </ItemGroup>
  <ItemGroup>
    <Library Include="Lib\18AI32SS eDriver C.lib" />
  </ItemGroup>
  <ItemGroup>
    <CustomBuild Include="adgs.def">
      <Filter>Source Files</Filter>
    </CustomBuild>
  </ItemGroup>
</Project>